
Microsoft Visual Studio Solution File, Format Version 12.00
# Visual Studio Version 17
VisualStudioVersion = 17.3.32922.545
MinimumVisualStudioVersion = 10.0.40219.1
Project("{FAE04EC0-301F-11D3-BF4B-00C04F79EFBC}") = "DavidTrujillo_Ejemplo1", "DavidTrujillo_Ejemplo1\DavidTrujillo_Ejemplo1.csproj", "{C7AEB807-07AA-4924-A771-847A0D7F3B7A}"
EndProject
Global
	GlobalSection(SolutionConfigurationPlatforms) = preSolution
		Debug|Any CPU = Debug|Any CPU
		Release|Any CPU = Release|Any CPU
	EndGlobalSection
	GlobalSection(ProjectConfigurationPlatforms) = postSolution
		{C7AEB807-07AA-4924-A771-847A0D7F3B7A}.Debug|Any CPU.ActiveCfg = Debug|Any CPU
		{C7AEB807-07AA-4924-A771-847A0D7F3B7A}.Debug|Any CPU.Build.0 = Debug|Any CPU
		{C7AEB807-07AA-4924-A771-847A0D7F3B7A}.Release|Any CPU.ActiveCfg = Release|Any CPU
		{C7AEB807-07AA-4924-A771-847A0D7F3B7A}.Release|Any CPU.Build.0 = Release|Any CPU
	EndGlobalSection
	GlobalSection(SolutionProperties) = preSolution
		HideSolutionNode = FALSE
	EndGlobalSection
	GlobalSection(ExtensibilityGlobals) = postSolution
		SolutionGuid = {A40163EB-C470-4B8C-8988-B6909939A504}
	EndGlobalSection
EndGlobal
